asgiref==3.11.1
boolean.py==5.0
certifi==2026.6.17
charset-normalizer==3.4.7
coverage==7.6.4
cyclonedx-python-lib==8.2.1
defusedxml==0.7.1
Django==5.1.2
django-cors-headers==4.5.0
djangorestframework==3.15.2
gunicorn==23.0.0
idna==3.18
iniconfig==2.3.0
ldap3==2.9.1
license-expression==30.4.4
lxml==5.3.0
packageurl-python==0.17.6
packaging==26.2
pluggy==1.6.0
psycopg2-binary==2.9.10
py-serializable==1.1.2
pyasn1==0.6.3
pytest==8.3.3
pytest-django==4.9.0
python-dotenv==1.0.1
requests==2.32.3
sortedcontainers==2.4.0
sqlparse==0.5.5
urllib3==2.7.0
whitenoise==6.7.0
